{
  "name": "recommendations-pwa-collector",
  "version": "v1.0.0-beta.10",
  "lockfileVersion": 1,
  "requires": true,
  "dependencies": {
    "magento-data-layer-sdk": {
      "version": "0.0.7",
      "resolved": "https://registry.npmjs.org/magento-data-layer-sdk/-/magento-data-layer-sdk-0.0.7.tgz",
      "integrity": "sha512-TwH1eRbWEEflvaY3bLJkPLoppmZqiIn463yrUnrCxIo73JmNBsUFqvLT3C15Hm9Tvuby0IPJEOPDf0jbcQD8Gw=="
    }
  }
}
